// !$*UTF8*$!
{
	archiveVersion = 1;
	classes = {
	};
	objectVersion = 46;
	objects = {

/* Begin PBXBuildFile section */
		BEF542031E494FD9007B7F4E /* AppDelegate.swift in Sources */ = {isa = PBXBuildFile; fileRef = BEF542021E494FD9007B7F4E /* AppDelegate.swift */; };
		BEF542051E494FD9007B7F4E /* ViewController.swift in Sources */ = {isa = PBXBuildFile; fileRef = BEF542041E494FD9007B7F4E /* ViewController.swift */; };
		BEF542081E494FD9007B7F4E /* Main.storyboard in Resources */ = {isa = PBXBuildFile; fileRef = BEF542061E494FD9007B7F4E /* Main.storyboard */; };
		BEF5420A1E494FD9007B7F4E /* Assets.xcassets in Resources */ = {isa = PBXBuildFile; fileRef = BEF542091E494FD9007B7F4E /* Assets.xcassets */; };
		BEF5420D1E494FD9007B7F4E /* LaunchScreen.storyboard in Resources */ = {isa = PBXBuildFile; fileRef = BEF5420B1E494FD9007B7F4E /* LaunchScreen.storyboard */; };
		BEF542151E494FFB007B7F4E /* ReusableView.xib in Resources */ = {isa = PBXBuildFile; fileRef = BEF542141E494FFB007B7F4E /* ReusableView.xib */; };
		BEF542171E49501F007B7F4E /* ReusableView.swift in Sources */ = {isa = PBXBuildFile; fileRef = BEF542161E49501F007B7F4E /* ReusableView.swift */; };
/* End PBXBuildFile section */

/* Begin PBXFileReference section */
		BEF541FF1E494FD9007B7F4E /* XibExm.app */ = {isa = PBXFileReference; explicitFileType = wrapper.application; includeInIndex = 0; path = XibExm.app; sourceTree = BUILT_PRODUCTS_DIR; };
		BEF542021E494FD9007B7F4E /* AppDelegate.swift */ = {isa = PBXFileReference; lastKnownFileType = sourcecode.swift; path = AppDelegate.swift; sourceTree = "<group>"; };
		BEF542041E494FD9007B7F4E /* ViewController.swift */ = {isa = PBXFileReference; lastKnownFileType = sourcecode.swift; path = ViewController.swift; sourceTree = "<group>"; };
		BEF542071E494FD9007B7F4E /* Base */ = {isa = PBXFileReference; lastKnownFileType = file.storyboard; name = Base; path = Base.lproj/Main.storyboard; sourceTree = "<group>"; };
		BEF542091E494FD9007B7F4E /* Assets.xcassets */ = {isa = PBXFileReference; lastKnownFileType = folder.assetcatalog; path = Assets.xcassets; sourceTree = "<group>"; };
		BEF5420C1E494FD9007B7F4E /* Base */ = {isa = PBXFileReference; lastKnownFileType = file.storyboard; name = Base; path = Base.lproj/LaunchScreen.storyboard; sourceTree = "<group>"; };
		BEF5420E1E494FD9007B7F4E /* Info.plist */ = {isa = PBXFileReference; lastKnownFileType = text.plist.xml; path = Info.plist; sourceTree = "<group>"; };
		BEF542141E494FFB007B7F4E /* ReusableView.xib */ = {isa = PBXFileReference; fileEncoding = 4; lastKnownFileType = file.xib; path = ReusableView.xib; sourceTree = "<group>"; };
		BEF542161E49501F007B7F4E /* ReusableView.swift */ = {isa = PBXFileReference; fileEncoding = 4; lastKnownFileType = sourcecode.swift; path = ReusableView.swift; sourceTree = "<group>"; };
/* End PBXFileReference section */

/* Begin PBXFrameworksBuildPhase section */
		BEF541FC1E494FD9007B7F4E /* Frameworks */ = {
			isa = PBXFrameworksBuildPhase;
			buildActionMask = 2147483647;
			files = (
			);
			runOnlyForDeploymentPostprocessing = 0;
		};
/* End PBXFrameworksBuildPhase section */

/* Begin PBXGroup section */
		BEF541F61E494FD9007B7F4E = {
			isa = PBXGroup;
			children = (
				BEF542011E494FD9007B7F4E /* XibExm */,
				BEF542001E494FD9007B7F4E /* Products */,
			);
			sourceTree = "<group>";
		};
		BEF542001E494FD9007B7F4E /* Products */ = {
			isa = PBXGroup;
			children = (
				BEF541FF1E494FD9007B7F4E /* XibExm.app */,
			);
			name = Products;
			sourceTree = "<group>";
		};
		BEF542011E494FD9007B7F4E /* XibExm */ = {
			isa = PBXGroup;
			children = (
				BEF542021E494FD9007B7F4E /* AppDelegate.swift */,
				BEF542041E494FD9007B7F4E /* ViewController.swift */,
				BEF542061E494FD9007B7F4E /* Main.storyboard */,
				BEF542141E494FFB007B7F4E /* ReusableView.xib */,
				BEF542161E49501F007B7F4E /* ReusableView.swift */,
				BEF542091E494FD9007B7F4E /* Assets.xcassets */,
				BEF5420B1E494FD9007B7F4E /* LaunchScreen.storyboard */,
				BEF5420E1E494FD9007B7F4E /* Info.plist */,
			);
			path = XibExm;
			sourceTree = "<group>";
		};
/* End PBXGroup section */

/* Begin PBXNativeTarget section */
		BEF541FE1E494FD9007B7F4E /* XibExm */ = {
			isa = PBXNativeTarget;
			buildConfigurationList = BEF542111E494FD9007B7F4E /* Build configuration list for PBXNativeTarget "XibExm" */;
			buildPhases = (
				BEF541FB1E494FD9007B7F4E /* Sources */,
				BEF541FC1E494FD9007B7F4E /* Frameworks */,
				BEF541FD1E494FD9007B7F4E /* Resources */,
			);
			buildRules = (
			);
			dependencies = (
			);
			name = XibExm;
			productName = XibExm;
			productReference = BEF541FF1E494FD9007B7F4E /* XibExm.app */;
			productType = "com.apple.product-type.application";
		};
/* End PBXNativeTarget section */

/* Begin PBXProject section */
		BEF541F71E494FD9007B7F4E /* Project object */ = {
			isa = PBXProject;
			attributes = {
				LastSwiftUpdateCheck = 0820;
				LastUpgradeCheck = 0820;
				ORGANIZATIONNAME = com.sree.objc;
				TargetAttributes = {
					BEF541FE1E494FD9007B7F4E = {
						CreatedOnToolsVersion = 8.2;
						ProvisioningStyle = Automatic;
					};
				};
			};
			buildConfigurationList = BEF541FA1E494FD9007B7F4E /* Build configuration list for PBXProject "XibExm" */;
			compatibilityVersion = "Xcode 3.2";
			developmentRegion = English;
			hasScannedForEncodings = 0;
			knownRegions = (
				en,
				Base,
			);
			mainGroup = BEF541F61E494FD9007B7F4E;
			productRefGroup = BEF542001E494FD9007B7F4E /* Products */;
			projectDirPath = "";
			projectRoot = "";
			targets = (
				BEF541FE1E494FD9007B7F4E /* XibExm */,
			);
		};
/* End PBXProject section */

/* Begin PBXResourcesBuildPhase section */
		BEF541FD1E494FD9007B7F4E /* Resources */ = {
			isa = PBXResourcesBuildPhase;
			buildActionMask = 2147483647;
			files = (
				BEF5420D1E494FD9007B7F4E /* LaunchScreen.storyboard in Resources */,
				BEF5420A1E494FD9007B7F4E /* Assets.xcassets in Resources */,
				BEF542081E494FD9007B7F4E /* Main.storyboard in Resources */,
				BEF542151E494FFB007B7F4E /* ReusableView.xib in Resources */,
			);
			runOnlyForDeploymentPostprocessing = 0;
		};
/* End PBXResourcesBuildPhase section */

/* Begin PBXSourcesBuildPhase section */
		BEF541FB1E494FD9007B7F4E /* Sources */ = {
			isa = PBXSourcesBuildPhase;
			buildActionMask = 2147483647;
			files = (
				BEF542171E49501F007B7F4E /* ReusableView.swift in Sources */,
				BEF542051E494FD9007B7F4E /* ViewController.swift in Sources */,
				BEF542031E494FD9007B7F4E /* AppDelegate.swift in Sources */,
			);
			runOnlyForDeploymentPostprocessing = 0;
		};
/* End PBXSourcesBuildPhase section */

/* Begin PBXVariantGroup section */
		BEF542061E494FD9007B7F4E /* Main.storyboard */ = {
			isa = PBXVariantGroup;
			children = (
				BEF542071E494FD9007B7F4E /* Base */,
			);
			name = Main.storyboard;
			sourceTree = "<group>";
		};
		BEF5420B1E494FD9007B7F4E /* LaunchScreen.storyboard */ = {
			isa = PBXVariantGroup;
			children = (
				BEF5420C1E494FD9007B7F4E /* Base */,
			);
			name = LaunchScreen.storyboard;
			sourceTree = "<group>";
		};
/* End PBXVariantGroup section */

/* Begin XCBuildConfiguration section */
		BEF5420F1E494FD9007B7F4E /* Debug */ = {
			isa = XCBuildConfiguration;
			buildSettings = {
				ALWAYS_SEARCH_USER_PATHS = NO;
				CLANG_ANALYZER_NONNULL = YES;
				CLANG_CXX_LANGUAGE_STANDARD = "gnu++0x";
				CLANG_CXX_LIBRARY = "libc++";
				CLANG_ENABLE_MODULES = YES;
				CLANG_ENABLE_OBJC_ARC = YES;
				CLANG_WARN_BOOL_CONVERSION = YES;
				CLANG_WARN_CONSTANT_CONVERSION = YES;
				CLANG_WARN_DIRECT_OBJC_ISA_USAGE = YES_ERROR;
				CLANG_WARN_DOCUMENTATION_COMMENTS = YES;
				CLANG_WARN_EMPTY_BODY = YES;
				CLANG_WARN_ENUM_CONVERSION = YES;
				CLANG_WARN_INFINITE_RECURSION = YES;
				CLANG_WARN_INT_CONVERSION = YES;
				CLANG_WARN_OBJC_ROOT_CLASS = YES_ERROR;
				CLANG_WARN_SUSPICIOUS_MOVE = YES;
				CLANG_WARN_UNREACHABLE_CODE = YES;
				CLANG_WARN__DUPLICATE_METHOD_MATCH = YES;
				"CODE_SIGN_IDENTITY[sdk=iphoneos*]" = "iPhone Developer";
				COPY_PHASE_STRIP = NO;
				DEBUG_INFORMATION_FORMAT = dwarf;
				ENABLE_STRICT_OBJC_MSGSEND = YES;
				ENABLE_TESTABILITY = YES;
				GCC_C_LANGUAGE_STANDARD = gnu99;
				GCC_DYNAMIC_NO_PIC = NO;
				GCC_NO_COMMON_BLOCKS = YES;
				GCC_OPTIMIZATION_LEVEL = 0;
				GCC_PREPROCESSOR_DEFINITIONS = (
					"DEBUG=1",
					"$(inherited)",
				);
				GCC_WARN_64_TO_32_BIT_CONVERSION = YES;
				GCC_WARN_ABOUT_RETURN_TYPE = YES_ERROR;
				GCC_WARN_UNDECLARED_SELECTOR = YES;
				GCC_WARN_UNINITIALIZED_AUTOS = YES_AGGRESSIVE;
				GCC_WARN_UNUSED_FUNCTION = YES;
				GCC_WARN_UNUSED_VARIABLE = YES;
				IPHONEOS_DEPLOYMENT_TARGET = 10.2;
				MTL_ENABLE_DEBUG_INFO = YES;
				ONLY_ACTIVE_ARCH = YES;
				SDKROOT = iphoneos;
				SWIFT_ACTIVE_COMPILATION_CONDITIONS = DEBUG;
				SWIFT_OPTIMIZATION_LEVEL = "-Onone";
			};
			name = Debug;
		};
		BEF542101E494FD9007B7F4E /* Release */ = {
			isa = XCBuildConfiguration;
			buildSettings = {
				ALWAYS_SEARCH_USER_PATHS = NO;
				CLANG_ANALYZER_NONNULL = YES;
				CLANG_CXX_LANGUAGE_STANDARD = "gnu++0x";
				CLANG_CXX_LIBRARY = "libc++";
				CLANG_ENABLE_MODULES = YES;
				CLANG_ENABLE_OBJC_ARC = YES;
				CLANG_WARN_BOOL_CONVERSION = YES;
				CLANG_WARN_CONSTANT_CONVERSION = YES;
				CLANG_WARN_DIRECT_OBJC_ISA_USAGE = YES_ERROR;
				CLANG_WARN_DOCUMENTATION_COMMENTS = YES;
				CLANG_WARN_EMPTY_BODY = YES;
				CLANG_WARN_ENUM_CONVERSION = YES;
				CLANG_WARN_INFINITE_RECURSION = YES;
				CLANG_WARN_INT_CONVERSION = YES;
				CLANG_WARN_OBJC_ROOT_CLASS = YES_ERROR;
				CLANG_WARN_SUSPICIOUS_MOVE = YES;
				CLANG_WARN_UNREACHABLE_CODE = YES;
				CLANG_WARN__DUPLICATE_METHOD_MATCH = YES;
				"CODE_SIGN_IDENTITY[sdk=iphoneos*]" = "iPhone Developer";
				COPY_PHASE_STRIP = NO;
				DEBUG_INFORMATION_FORMAT = "dwarf-with-dsym";
				ENABLE_NS_ASSERTIONS = NO;
				ENABLE_STRICT_OBJC_MSGSEND = YES;
				GCC_C_LANGUAGE_STANDARD = gnu99;
				GCC_NO_COMMON_BLOCKS = YES;
				GCC_WARN_64_TO_32_BIT_CONVERSION = YES;
				GCC_WARN_ABOUT_RETURN_TYPE = YES_ERROR;
				GCC_WARN_UNDECLARED_SELECTOR = YES;
				GCC_WARN_UNINITIALIZED_AUTOS = YES_AGGRESSIVE;
				GCC_WARN_UNUSED_FUNCTION = YES;
				GCC_WARN_UNUSED_VARIABLE = YES;
				IPHONEOS_DEPLOYMENT_TARGET = 10.2;
				MTL_ENABLE_DEBUG_INFO = NO;
				SDKROOT = iphoneos;
				SWIFT_OPTIMIZATION_LEVEL = "-Owholemodule";
				VALIDATE_PRODUCT = YES;
			};
			name = Release;
		};
		BEF542121E494FD9007B7F4E /* Debug */ = {
			isa = XCBuildConfiguration;
			buildSettings = {
				ASSETCATALOG_COMPILER_APPICON_NAME = AppIcon;
				INFOPLIST_FILE = XibExm/Info.plist;
				LD_RUNPATH_SEARCH_PATHS = "$(inherited) @executable_path/Frameworks";
				PRODUCT_BUNDLE_IDENTIFIER = Sreek.XibExm;
				PRODUCT_NAME = "$(TARGET_NAME)";
				SWIFT_VERSION = 3.0;
			};
			name = Debug;
		};
		BEF542131E494FD9007B7F4E /* Release */ = {
			isa = XCBuildConfiguration;
			buildSettings = {
				ASSETCATALOG_COMPILER_APPICON_NAME = AppIcon;
				INFOPLIST_FILE = XibExm/Info.plist;
				LD_RUNPATH_SEARCH_PATHS = "$(inherited) @executable_path/Frameworks";
				PRODUCT_BUNDLE_IDENTIFIER = Sreek.XibExm;
				PRODUCT_NAME = "$(TARGET_NAME)";
				SWIFT_VERSION = 3.0;
			};
			name = Release;
		};
/* End XCBuildConfiguration section */

/* Begin XCConfigurationList section */
		BEF541FA1E494FD9007B7F4E /* Build configuration list for PBXProject "XibExm" */ = {
			isa = XCConfigurationList;
			buildConfigurations = (
				BEF5420F1E494FD9007B7F4E /* Debug */,
				BEF542101E494FD9007B7F4E /* Release */,
			);
			defaultConfigurationIsVisible = 0;
			defaultConfigurationName = Release;
		};
		BEF542111E494FD9007B7F4E /* Build configuration list for PBXNativeTarget "XibExm" */ = {
			isa = XCConfigurationList;
			buildConfigurations = (
				BEF542121E494FD9007B7F4E /* Debug */,
				BEF542131E494FD9007B7F4E /* Release */,
			);
			defaultConfigurationIsVisible = 0;
		};
/* End XCConfigurationList section */
	};
	rootObject = BEF541F71E494FD9007B7F4E /* Project object */;
}
